
Microsoft Visual Studio Solution File, Format Version 12.00
# Visual Studio 15
VisualStudioVersion = 15.0.28307.572
MinimumVisualStudioVersion = 10.0.40219.1
Project("{FAE04EC0-301F-11D3-BF4B-00C04F79EFBC}") = "RestaurentManagement", "RestaurentManagement\RestaurentManagement.csproj", "{5F8D90D8-6810-4FA9-A5D1-E320A560EC44}"
EndProject
Global
	GlobalSection(SolutionConfigurationPlatforms) = preSolution
		Debug|Any CPU = Debug|Any CPU
		Release|Any CPU = Release|Any CPU
	EndGlobalSection
	GlobalSection(ProjectConfigurationPlatforms) = postSolution
		{5F8D90D8-6810-4FA9-A5D1-E320A560EC44}.Debug|Any CPU.ActiveCfg = Debug|Any CPU
		{5F8D90D8-6810-4FA9-A5D1-E320A560EC44}.Debug|Any CPU.Build.0 = Debug|Any CPU
		{5F8D90D8-6810-4FA9-A5D1-E320A560EC44}.Release|Any CPU.ActiveCfg = Release|Any CPU
		{5F8D90D8-6810-4FA9-A5D1-E320A560EC44}.Release|Any CPU.Build.0 = Release|Any CPU
	EndGlobalSection
	GlobalSection(SolutionProperties) = preSolution
		HideSolutionNode = FALSE
	EndGlobalSection
	GlobalSection(ExtensibilityGlobals) = postSolution
		SolutionGuid = {CDC990A9-65BD-482C-8551-C008BDA417F8}
	EndGlobalSection
EndGlobal
